
Microsoft Visual Studio Solution File, Format Version 12.00
# Visual Studio 15
VisualStudioVersion = 15.0.27703.2000
MinimumVisualStudioVersion = 10.0.40219.1
Project("{8BC9CEB8-8B4A-11D0-8D11-00A0C91BC942}") = "TREASURE", "TREASURE\TREASURE.vcxproj", "{F1E990B1-58D1-4097-AE64-A3199C21632A}"
EndProject
Global
	GlobalSection(SolutionConfigurationPlatforms) = preSolution
		Debug|x64 = Debug|x64
		Debug|x86 = Debug|x86
		Release|x64 = Release|x64
		Release|x86 = Release|x86
	EndGlobalSection
	GlobalSection(ProjectConfigurationPlatforms) = postSolution
		{F1E990B1-58D1-4097-AE64-A3199C21632A}.Debug|x64.ActiveCfg = Debug|x64
		{F1E990B1-58D1-4097-AE64-A3199C21632A}.Debug|x64.Build.0 = Debug|x64
		{F1E990B1-58D1-4097-AE64-A3199C21632A}.Debug|x86.ActiveCfg = Debug|Win32
		{F1E990B1-58D1-4097-AE64-A3199C21632A}.Debug|x86.Build.0 = Debug|Win32
		{F1E990B1-58D1-4097-AE64-A3199C21632A}.Release|x64.ActiveCfg = Release|x64
		{F1E990B1-58D1-4097-AE64-A3199C21632A}.Release|x64.Build.0 = Release|x64
		{F1E990B1-58D1-4097-AE64-A3199C21632A}.Release|x86.ActiveCfg = Release|Win32
		{F1E990B1-58D1-4097-AE64-A3199C21632A}.Release|x86.Build.0 = Release|Win32
	EndGlobalSection
	GlobalSection(SolutionProperties) = preSolution
		HideSolutionNode = FALSE
	EndGlobalSection
	GlobalSection(ExtensibilityGlobals) = postSolution
		SolutionGuid = {4B111E96-1A86-479B-A54B-F7A088D86FCD}
	EndGlobalSection
EndGlobal
