
Microsoft Visual Studio Solution File, Format Version 12.00
# Visual Studio 15
VisualStudioVersion = 15.0.27703.2000
MinimumVisualStudioVersion = 10.0.40219.1
Project("{8BC9CEB8-8B4A-11D0-8D11-00A0C91BC942}") = "POLY", "POLY\POLY.vcxproj", "{658217A4-318E-4264-944A-966E9A07CA24}"
EndProject
Global
	GlobalSection(SolutionConfigurationPlatforms) = preSolution
		Debug|x64 = Debug|x64
		Debug|x86 = Debug|x86
		Release|x64 = Release|x64
		Release|x86 = Release|x86
	EndGlobalSection
	GlobalSection(ProjectConfigurationPlatforms) = postSolution
		{658217A4-318E-4264-944A-966E9A07CA24}.Debug|x64.ActiveCfg = Debug|x64
		{658217A4-318E-4264-944A-966E9A07CA24}.Debug|x64.Build.0 = Debug|x64
		{658217A4-318E-4264-944A-966E9A07CA24}.Debug|x86.ActiveCfg = Debug|Win32
		{658217A4-318E-4264-944A-966E9A07CA24}.Debug|x86.Build.0 = Debug|Win32
		{658217A4-318E-4264-944A-966E9A07CA24}.Release|x64.ActiveCfg = Release|x64
		{658217A4-318E-4264-944A-966E9A07CA24}.Release|x64.Build.0 = Release|x64
		{658217A4-318E-4264-944A-966E9A07CA24}.Release|x86.ActiveCfg = Release|Win32
		{658217A4-318E-4264-944A-966E9A07CA24}.Release|x86.Build.0 = Release|Win32
	EndGlobalSection
	GlobalSection(SolutionProperties) = preSolution
		HideSolutionNode = FALSE
	EndGlobalSection
	GlobalSection(ExtensibilityGlobals) = postSolution
		SolutionGuid = {A120984C-E285-4D06-AAC4-4CB4AF451B84}
	EndGlobalSection
EndGlobal
