
Microsoft Visual Studio Solution File, Format Version 12.00
# Visual Studio 15
VisualStudioVersion = 15.0.27703.2000
MinimumVisualStudioVersion = 10.0.40219.1
Project("{8BC9CEB8-8B4A-11D0-8D11-00A0C91BC942}") = "EDITORWARS", "EDITORWARS\EDITORWARS.vcxproj", "{D5369CD6-230C-40C9-915C-1C4260E783B2}"
EndProject
Global
	GlobalSection(SolutionConfigurationPlatforms) = preSolution
		Debug|x64 = Debug|x64
		Debug|x86 = Debug|x86
		Release|x64 = Release|x64
		Release|x86 = Release|x86
	EndGlobalSection
	GlobalSection(ProjectConfigurationPlatforms) = postSolution
		{D5369CD6-230C-40C9-915C-1C4260E783B2}.Debug|x64.ActiveCfg = Debug|x64
		{D5369CD6-230C-40C9-915C-1C4260E783B2}.Debug|x64.Build.0 = Debug|x64
		{D5369CD6-230C-40C9-915C-1C4260E783B2}.Debug|x86.ActiveCfg = Debug|Win32
		{D5369CD6-230C-40C9-915C-1C4260E783B2}.Debug|x86.Build.0 = Debug|Win32
		{D5369CD6-230C-40C9-915C-1C4260E783B2}.Release|x64.ActiveCfg = Release|x64
		{D5369CD6-230C-40C9-915C-1C4260E783B2}.Release|x64.Build.0 = Release|x64
		{D5369CD6-230C-40C9-915C-1C4260E783B2}.Release|x86.ActiveCfg = Release|Win32
		{D5369CD6-230C-40C9-915C-1C4260E783B2}.Release|x86.Build.0 = Release|Win32
	EndGlobalSection
	GlobalSection(SolutionProperties) = preSolution
		HideSolutionNode = FALSE
	EndGlobalSection
	GlobalSection(ExtensibilityGlobals) = postSolution
		SolutionGuid = {4E1FC740-89D7-44C5-A24A-89EF8D7694EC}
	EndGlobalSection
EndGlobal
