
Microsoft Visual Studio Solution File, Format Version 12.00
# Visual Studio 15
VisualStudioVersion = 15.0.27004.2010
MinimumVisualStudioVersion = 10.0.40219.1
Project("{8BC9CEB8-8B4A-11D0-8D11-00A0C91BC942}") = "Binsearch", "Binsearch\Binsearch.vcxproj", "{DA786348-C430-4ECA-869E-A11D75EB36D0}"
EndProject
Global
	GlobalSection(SolutionConfigurationPlatforms) = preSolution
		Debug|x64 = Debug|x64
		Debug|x86 = Debug|x86
		Release|x64 = Release|x64
		Release|x86 = Release|x86
	EndGlobalSection
	GlobalSection(ProjectConfigurationPlatforms) = postSolution
		{DA786348-C430-4ECA-869E-A11D75EB36D0}.Debug|x64.ActiveCfg = Debug|x64
		{DA786348-C430-4ECA-869E-A11D75EB36D0}.Debug|x64.Build.0 = Debug|x64
		{DA786348-C430-4ECA-869E-A11D75EB36D0}.Debug|x86.ActiveCfg = Debug|Win32
		{DA786348-C430-4ECA-869E-A11D75EB36D0}.Debug|x86.Build.0 = Debug|Win32
		{DA786348-C430-4ECA-869E-A11D75EB36D0}.Release|x64.ActiveCfg = Release|x64
		{DA786348-C430-4ECA-869E-A11D75EB36D0}.Release|x64.Build.0 = Release|x64
		{DA786348-C430-4ECA-869E-A11D75EB36D0}.Release|x86.ActiveCfg = Release|Win32
		{DA786348-C430-4ECA-869E-A11D75EB36D0}.Release|x86.Build.0 = Release|Win32
	EndGlobalSection
	GlobalSection(SolutionProperties) = preSolution
		HideSolutionNode = FALSE
	EndGlobalSection
	GlobalSection(ExtensibilityGlobals) = postSolution
		SolutionGuid = {3583637E-88BB-410D-8497-1718EA822DD7}
	EndGlobalSection
EndGlobal
