
Microsoft Visual Studio Solution File, Format Version 12.00
# Visual Studio 15
VisualStudioVersion = 15.0.27004.2010
MinimumVisualStudioVersion = 10.0.40219.1
Project("{8BC9CEB8-8B4A-11D0-8D11-00A0C91BC942}") = "2-3-4 트리", "2-3-4 트리\2-3-4 트리.vcxproj", "{7D9A7C9E-3902-405D-99BE-7A4E8696B02C}"
EndProject
Global
	GlobalSection(SolutionConfigurationPlatforms) = preSolution
		Debug|x64 = Debug|x64
		Debug|x86 = Debug|x86
		Release|x64 = Release|x64
		Release|x86 = Release|x86
	EndGlobalSection
	GlobalSection(ProjectConfigurationPlatforms) = postSolution
		{7D9A7C9E-3902-405D-99BE-7A4E8696B02C}.Debug|x64.ActiveCfg = Debug|x64
		{7D9A7C9E-3902-405D-99BE-7A4E8696B02C}.Debug|x64.Build.0 = Debug|x64
		{7D9A7C9E-3902-405D-99BE-7A4E8696B02C}.Debug|x86.ActiveCfg = Debug|Win32
		{7D9A7C9E-3902-405D-99BE-7A4E8696B02C}.Debug|x86.Build.0 = Debug|Win32
		{7D9A7C9E-3902-405D-99BE-7A4E8696B02C}.Release|x64.ActiveCfg = Release|x64
		{7D9A7C9E-3902-405D-99BE-7A4E8696B02C}.Release|x64.Build.0 = Release|x64
		{7D9A7C9E-3902-405D-99BE-7A4E8696B02C}.Release|x86.ActiveCfg = Release|Win32
		{7D9A7C9E-3902-405D-99BE-7A4E8696B02C}.Release|x86.Build.0 = Release|Win32
	EndGlobalSection
	GlobalSection(SolutionProperties) = preSolution
		HideSolutionNode = FALSE
	EndGlobalSection
	GlobalSection(ExtensibilityGlobals) = postSolution
		SolutionGuid = {099912B0-C484-48D1-942E-774C4D883032}
	EndGlobalSection
EndGlobal
