
Microsoft Visual Studio Solution File, Format Version 12.00
# Visual Studio 15
VisualStudioVersion = 15.0.27703.2000
MinimumVisualStudioVersion = 10.0.40219.1
Project("{8BC9CEB8-8B4A-11D0-8D11-00A0C91BC942}") = "Bellman-Ford 최단 경로 알고리즘", "Bellman-Ford 최단 경로 알고리즘\Bellman-Ford 최단 경로 알고리즘.vcxproj", "{1027ED99-3A16-4B0E-A8AA-B376E3C86390}"
EndProject
Global
	GlobalSection(SolutionConfigurationPlatforms) = preSolution
		Debug|x64 = Debug|x64
		Debug|x86 = Debug|x86
		Release|x64 = Release|x64
		Release|x86 = Release|x86
	EndGlobalSection
	GlobalSection(ProjectConfigurationPlatforms) = postSolution
		{1027ED99-3A16-4B0E-A8AA-B376E3C86390}.Debug|x64.ActiveCfg = Debug|x64
		{1027ED99-3A16-4B0E-A8AA-B376E3C86390}.Debug|x64.Build.0 = Debug|x64
		{1027ED99-3A16-4B0E-A8AA-B376E3C86390}.Debug|x86.ActiveCfg = Debug|Win32
		{1027ED99-3A16-4B0E-A8AA-B376E3C86390}.Debug|x86.Build.0 = Debug|Win32
		{1027ED99-3A16-4B0E-A8AA-B376E3C86390}.Release|x64.ActiveCfg = Release|x64
		{1027ED99-3A16-4B0E-A8AA-B376E3C86390}.Release|x64.Build.0 = Release|x64
		{1027ED99-3A16-4B0E-A8AA-B376E3C86390}.Release|x86.ActiveCfg = Release|Win32
		{1027ED99-3A16-4B0E-A8AA-B376E3C86390}.Release|x86.Build.0 = Release|Win32
	EndGlobalSection
	GlobalSection(SolutionProperties) = preSolution
		HideSolutionNode = FALSE
	EndGlobalSection
	GlobalSection(ExtensibilityGlobals) = postSolution
		SolutionGuid = {B746AA48-B761-437F-A8B2-B0749956C9D8}
	EndGlobalSection
EndGlobal
