
Microsoft Visual Studio Solution File, Format Version 12.00
# Visual Studio 15
VisualStudioVersion = 15.0.27703.2000
MinimumVisualStudioVersion = 10.0.40219.1
Project("{8BC9CEB8-8B4A-11D0-8D11-00A0C91BC942}") = "프림 알고리즘", "프림 알고리즘\프림 알고리즘.vcxproj", "{DB0F4404-409B-403E-B8C9-E9BAF3E0333C}"
EndProject
Global
	GlobalSection(SolutionConfigurationPlatforms) = preSolution
		Debug|x64 = Debug|x64
		Debug|x86 = Debug|x86
		Release|x64 = Release|x64
		Release|x86 = Release|x86
	EndGlobalSection
	GlobalSection(ProjectConfigurationPlatforms) = postSolution
		{DB0F4404-409B-403E-B8C9-E9BAF3E0333C}.Debug|x64.ActiveCfg = Debug|x64
		{DB0F4404-409B-403E-B8C9-E9BAF3E0333C}.Debug|x64.Build.0 = Debug|x64
		{DB0F4404-409B-403E-B8C9-E9BAF3E0333C}.Debug|x86.ActiveCfg = Debug|Win32
		{DB0F4404-409B-403E-B8C9-E9BAF3E0333C}.Debug|x86.Build.0 = Debug|Win32
		{DB0F4404-409B-403E-B8C9-E9BAF3E0333C}.Release|x64.ActiveCfg = Release|x64
		{DB0F4404-409B-403E-B8C9-E9BAF3E0333C}.Release|x64.Build.0 = Release|x64
		{DB0F4404-409B-403E-B8C9-E9BAF3E0333C}.Release|x86.ActiveCfg = Release|Win32
		{DB0F4404-409B-403E-B8C9-E9BAF3E0333C}.Release|x86.Build.0 = Release|Win32
	EndGlobalSection
	GlobalSection(SolutionProperties) = preSolution
		HideSolutionNode = FALSE
	EndGlobalSection
	GlobalSection(ExtensibilityGlobals) = postSolution
		SolutionGuid = {981DC7C3-406D-4C6B-80EB-228A2430C166}
	EndGlobalSection
EndGlobal
