
Microsoft Visual Studio Solution File, Format Version 12.00
# Visual Studio 15
VisualStudioVersion = 15.0.27703.2000
MinimumVisualStudioVersion = 10.0.40219.1
Project("{8BC9CEB8-8B4A-11D0-8D11-00A0C91BC942}") = "HABIT", "HABIT\HABIT.vcxproj", "{4813A8A9-9AB4-426D-B9FA-25B8085A494D}"
EndProject
Global
	GlobalSection(SolutionConfigurationPlatforms) = preSolution
		Debug|x64 = Debug|x64
		Debug|x86 = Debug|x86
		Release|x64 = Release|x64
		Release|x86 = Release|x86
	EndGlobalSection
	GlobalSection(ProjectConfigurationPlatforms) = postSolution
		{4813A8A9-9AB4-426D-B9FA-25B8085A494D}.Debug|x64.ActiveCfg = Debug|x64
		{4813A8A9-9AB4-426D-B9FA-25B8085A494D}.Debug|x64.Build.0 = Debug|x64
		{4813A8A9-9AB4-426D-B9FA-25B8085A494D}.Debug|x86.ActiveCfg = Debug|Win32
		{4813A8A9-9AB4-426D-B9FA-25B8085A494D}.Debug|x86.Build.0 = Debug|Win32
		{4813A8A9-9AB4-426D-B9FA-25B8085A494D}.Release|x64.ActiveCfg = Release|x64
		{4813A8A9-9AB4-426D-B9FA-25B8085A494D}.Release|x64.Build.0 = Release|x64
		{4813A8A9-9AB4-426D-B9FA-25B8085A494D}.Release|x86.ActiveCfg = Release|Win32
		{4813A8A9-9AB4-426D-B9FA-25B8085A494D}.Release|x86.Build.0 = Release|Win32
	EndGlobalSection
	GlobalSection(SolutionProperties) = preSolution
		HideSolutionNode = FALSE
	EndGlobalSection
	GlobalSection(ExtensibilityGlobals) = postSolution
		SolutionGuid = {F817FB1F-4EA0-4B73-B1EF-6037C3F3FCC2}
	EndGlobalSection
EndGlobal
