
Microsoft Visual Studio Solution File, Format Version 12.00
# Visual Studio 15
VisualStudioVersion = 15.0.27703.2000
MinimumVisualStudioVersion = 10.0.40219.1
Project("{8BC9CEB8-8B4A-11D0-8D11-00A0C91BC942}") = "너비 우선 탐색(BFS)", "너비 우선 탐색(BFS)\너비 우선 탐색(BFS).vcxproj", "{E0741B04-90FB-412A-92A8-20703F24867B}"
EndProject
Global
	GlobalSection(SolutionConfigurationPlatforms) = preSolution
		Debug|x64 = Debug|x64
		Debug|x86 = Debug|x86
		Release|x64 = Release|x64
		Release|x86 = Release|x86
	EndGlobalSection
	GlobalSection(ProjectConfigurationPlatforms) = postSolution
		{E0741B04-90FB-412A-92A8-20703F24867B}.Debug|x64.ActiveCfg = Debug|x64
		{E0741B04-90FB-412A-92A8-20703F24867B}.Debug|x64.Build.0 = Debug|x64
		{E0741B04-90FB-412A-92A8-20703F24867B}.Debug|x86.ActiveCfg = Debug|Win32
		{E0741B04-90FB-412A-92A8-20703F24867B}.Debug|x86.Build.0 = Debug|Win32
		{E0741B04-90FB-412A-92A8-20703F24867B}.Release|x64.ActiveCfg = Release|x64
		{E0741B04-90FB-412A-92A8-20703F24867B}.Release|x64.Build.0 = Release|x64
		{E0741B04-90FB-412A-92A8-20703F24867B}.Release|x86.ActiveCfg = Release|Win32
		{E0741B04-90FB-412A-92A8-20703F24867B}.Release|x86.Build.0 = Release|Win32
	EndGlobalSection
	GlobalSection(SolutionProperties) = preSolution
		HideSolutionNode = FALSE
	EndGlobalSection
	GlobalSection(ExtensibilityGlobals) = postSolution
		SolutionGuid = {0F300BE0-C681-4BA7-9C3E-DB781B28E199}
	EndGlobalSection
EndGlobal
