
Microsoft Visual Studio Solution File, Format Version 12.00
# Visual Studio 15
VisualStudioVersion = 15.0.27703.2000
MinimumVisualStudioVersion = 10.0.40219.1
Project("{8BC9CEB8-8B4A-11D0-8D11-00A0C91BC942}") = "TILING2", "TILING2\TILING2.vcxproj", "{5A8DC2C0-BFDA-4F8B-9B85-E51E134A9574}"
EndProject
Global
	GlobalSection(SolutionConfigurationPlatforms) = preSolution
		Debug|x64 = Debug|x64
		Debug|x86 = Debug|x86
		Release|x64 = Release|x64
		Release|x86 = Release|x86
	EndGlobalSection
	GlobalSection(ProjectConfigurationPlatforms) = postSolution
		{5A8DC2C0-BFDA-4F8B-9B85-E51E134A9574}.Debug|x64.ActiveCfg = Debug|x64
		{5A8DC2C0-BFDA-4F8B-9B85-E51E134A9574}.Debug|x64.Build.0 = Debug|x64
		{5A8DC2C0-BFDA-4F8B-9B85-E51E134A9574}.Debug|x86.ActiveCfg = Debug|Win32
		{5A8DC2C0-BFDA-4F8B-9B85-E51E134A9574}.Debug|x86.Build.0 = Debug|Win32
		{5A8DC2C0-BFDA-4F8B-9B85-E51E134A9574}.Release|x64.ActiveCfg = Release|x64
		{5A8DC2C0-BFDA-4F8B-9B85-E51E134A9574}.Release|x64.Build.0 = Release|x64
		{5A8DC2C0-BFDA-4F8B-9B85-E51E134A9574}.Release|x86.ActiveCfg = Release|Win32
		{5A8DC2C0-BFDA-4F8B-9B85-E51E134A9574}.Release|x86.Build.0 = Release|Win32
	EndGlobalSection
	GlobalSection(SolutionProperties) = preSolution
		HideSolutionNode = FALSE
	EndGlobalSection
	GlobalSection(ExtensibilityGlobals) = postSolution
		SolutionGuid = {37D418A7-7805-4EDF-AB75-C04EA7EE5CE9}
	EndGlobalSection
EndGlobal
