
Microsoft Visual Studio Solution File, Format Version 12.00
# Visual Studio 15
VisualStudioVersion = 15.0.27004.2010
MinimumVisualStudioVersion = 10.0.40219.1
Project("{8BC9CEB8-8B4A-11D0-8D11-00A0C91BC942}") = "에라토스테네스의 체 with 비트마스크", "에라토스테네스의 체 with 비트마스크\에라토스테네스의 체 with 비트마스크.vcxproj", "{48D87185-342D-45E8-95E2-3414263D9F67}"
EndProject
Global
	GlobalSection(SolutionConfigurationPlatforms) = preSolution
		Debug|x64 = Debug|x64
		Debug|x86 = Debug|x86
		Release|x64 = Release|x64
		Release|x86 = Release|x86
	EndGlobalSection
	GlobalSection(ProjectConfigurationPlatforms) = postSolution
		{48D87185-342D-45E8-95E2-3414263D9F67}.Debug|x64.ActiveCfg = Debug|x64
		{48D87185-342D-45E8-95E2-3414263D9F67}.Debug|x64.Build.0 = Debug|x64
		{48D87185-342D-45E8-95E2-3414263D9F67}.Debug|x86.ActiveCfg = Debug|Win32
		{48D87185-342D-45E8-95E2-3414263D9F67}.Debug|x86.Build.0 = Debug|Win32
		{48D87185-342D-45E8-95E2-3414263D9F67}.Release|x64.ActiveCfg = Release|x64
		{48D87185-342D-45E8-95E2-3414263D9F67}.Release|x64.Build.0 = Release|x64
		{48D87185-342D-45E8-95E2-3414263D9F67}.Release|x86.ActiveCfg = Release|Win32
		{48D87185-342D-45E8-95E2-3414263D9F67}.Release|x86.Build.0 = Release|Win32
	EndGlobalSection
	GlobalSection(SolutionProperties) = preSolution
		HideSolutionNode = FALSE
	EndGlobalSection
	GlobalSection(ExtensibilityGlobals) = postSolution
		SolutionGuid = {C892ECA9-70F7-45BB-B37F-6101310F8A5E}
	EndGlobalSection
EndGlobal
