
Microsoft Visual Studio Solution File, Format Version 12.00
# Visual Studio 15
VisualStudioVersion = 15.0.27004.2010
MinimumVisualStudioVersion = 10.0.40219.1
Project("{8BC9CEB8-8B4A-11D0-8D11-00A0C91BC942}") = "구간 트리", "구간 트리\구간 트리.vcxproj", "{BF19202A-AA8E-4FE6-A8C3-B99D168F308D}"
EndProject
Global
	GlobalSection(SolutionConfigurationPlatforms) = preSolution
		Debug|x64 = Debug|x64
		Debug|x86 = Debug|x86
		Release|x64 = Release|x64
		Release|x86 = Release|x86
	EndGlobalSection
	GlobalSection(ProjectConfigurationPlatforms) = postSolution
		{BF19202A-AA8E-4FE6-A8C3-B99D168F308D}.Debug|x64.ActiveCfg = Debug|x64
		{BF19202A-AA8E-4FE6-A8C3-B99D168F308D}.Debug|x64.Build.0 = Debug|x64
		{BF19202A-AA8E-4FE6-A8C3-B99D168F308D}.Debug|x86.ActiveCfg = Debug|Win32
		{BF19202A-AA8E-4FE6-A8C3-B99D168F308D}.Debug|x86.Build.0 = Debug|Win32
		{BF19202A-AA8E-4FE6-A8C3-B99D168F308D}.Release|x64.ActiveCfg = Release|x64
		{BF19202A-AA8E-4FE6-A8C3-B99D168F308D}.Release|x64.Build.0 = Release|x64
		{BF19202A-AA8E-4FE6-A8C3-B99D168F308D}.Release|x86.ActiveCfg = Release|Win32
		{BF19202A-AA8E-4FE6-A8C3-B99D168F308D}.Release|x86.Build.0 = Release|Win32
	EndGlobalSection
	GlobalSection(SolutionProperties) = preSolution
		HideSolutionNode = FALSE
	EndGlobalSection
	GlobalSection(ExtensibilityGlobals) = postSolution
		SolutionGuid = {4332907B-4173-4619-B680-344962FC97C2}
	EndGlobalSection
EndGlobal
