
Microsoft Visual Studio Solution File, Format Version 12.00
# Visual Studio 15
VisualStudioVersion = 15.0.27004.2010
MinimumVisualStudioVersion = 10.0.40219.1
Project("{8BC9CEB8-8B4A-11D0-8D11-00A0C91BC942}") = "극대 안정 집합", "극대 안정 집합\극대 안정 집합.vcxproj", "{F2E82651-7285-4BC3-B409-53BD6991EFAC}"
EndProject
Global
	GlobalSection(SolutionConfigurationPlatforms) = preSolution
		Debug|x64 = Debug|x64
		Debug|x86 = Debug|x86
		Release|x64 = Release|x64
		Release|x86 = Release|x86
	EndGlobalSection
	GlobalSection(ProjectConfigurationPlatforms) = postSolution
		{F2E82651-7285-4BC3-B409-53BD6991EFAC}.Debug|x64.ActiveCfg = Debug|x64
		{F2E82651-7285-4BC3-B409-53BD6991EFAC}.Debug|x64.Build.0 = Debug|x64
		{F2E82651-7285-4BC3-B409-53BD6991EFAC}.Debug|x86.ActiveCfg = Debug|Win32
		{F2E82651-7285-4BC3-B409-53BD6991EFAC}.Debug|x86.Build.0 = Debug|Win32
		{F2E82651-7285-4BC3-B409-53BD6991EFAC}.Release|x64.ActiveCfg = Release|x64
		{F2E82651-7285-4BC3-B409-53BD6991EFAC}.Release|x64.Build.0 = Release|x64
		{F2E82651-7285-4BC3-B409-53BD6991EFAC}.Release|x86.ActiveCfg = Release|Win32
		{F2E82651-7285-4BC3-B409-53BD6991EFAC}.Release|x86.Build.0 = Release|Win32
	EndGlobalSection
	GlobalSection(SolutionProperties) = preSolution
		HideSolutionNode = FALSE
	EndGlobalSection
	GlobalSection(ExtensibilityGlobals) = postSolution
		SolutionGuid = {8AEAAD5B-FE4E-4671-8EC9-D862290DEB16}
	EndGlobalSection
EndGlobal
