
Microsoft Visual Studio Solution File, Format Version 12.00
# Visual Studio 15
VisualStudioVersion = 15.0.27703.2000
MinimumVisualStudioVersion = 10.0.40219.1
Project("{8BC9CEB8-8B4A-11D0-8D11-00A0C91BC942}") = "철인 2종 경기", "철인 2종 경기\철인 2종 경기.vcxproj", "{1DC88B99-79C9-4727-A96D-BB2BCD8BB19C}"
EndProject
Global
	GlobalSection(SolutionConfigurationPlatforms) = preSolution
		Debug|x64 = Debug|x64
		Debug|x86 = Debug|x86
		Release|x64 = Release|x64
		Release|x86 = Release|x86
	EndGlobalSection
	GlobalSection(ProjectConfigurationPlatforms) = postSolution
		{1DC88B99-79C9-4727-A96D-BB2BCD8BB19C}.Debug|x64.ActiveCfg = Debug|x64
		{1DC88B99-79C9-4727-A96D-BB2BCD8BB19C}.Debug|x64.Build.0 = Debug|x64
		{1DC88B99-79C9-4727-A96D-BB2BCD8BB19C}.Debug|x86.ActiveCfg = Debug|Win32
		{1DC88B99-79C9-4727-A96D-BB2BCD8BB19C}.Debug|x86.Build.0 = Debug|Win32
		{1DC88B99-79C9-4727-A96D-BB2BCD8BB19C}.Release|x64.ActiveCfg = Release|x64
		{1DC88B99-79C9-4727-A96D-BB2BCD8BB19C}.Release|x64.Build.0 = Release|x64
		{1DC88B99-79C9-4727-A96D-BB2BCD8BB19C}.Release|x86.ActiveCfg = Release|Win32
		{1DC88B99-79C9-4727-A96D-BB2BCD8BB19C}.Release|x86.Build.0 = Release|Win32
	EndGlobalSection
	GlobalSection(SolutionProperties) = preSolution
		HideSolutionNode = FALSE
	EndGlobalSection
	GlobalSection(ExtensibilityGlobals) = postSolution
		SolutionGuid = {68BECE0C-F783-4667-B512-7A2E25013E14}
	EndGlobalSection
EndGlobal
